{
    "doctrine/annotations": {
        "version": "2.0",
        "recipe": {
            "repo": "github.com/shopware/recipes",
            "branch": "main",
            "version": "1.0",
            "ref": "d7afb8d11ee0e18f644cc77c2df9b372e89cb3a9"
        }
    },
    "doctrine/deprecations": {
        "version": "1.1",
        "recipe": {
            "repo": "github.com/symfony/recipes",
            "branch": "main",
            "version": "1.0",
            "ref": "87424683adc81d7dc305eefec1fced883084aab9"
        }
    },
    "nyholm/psr7": {
        "version": "1.8",
        "recipe": {
            "repo": "github.com/shopware/recipes",
            "branch": "main",
            "version": "1.0",
            "ref": "0153f89d0bffd66e897afb8c2623e3920aef2c9f"
        }
    },
    "pentatrion/vite-bundle": {
        "version": "8.2",
        "recipe": {
            "repo": "github.com/shopware/recipes",
            "branch": "main",
            "version": "6.5",
            "ref": "8cc0e41387cb37cb65cc9a1ce8bac7eed899687a"
        }
    },
    "shopware/administration": {
        "version": "6.5",
        "recipe": {
            "repo": "github.com/shopware/recipes",
            "branch": "main",
            "version": "6.4",
            "ref": "4c21cc5870f66b321f8af813a1e40f8936f6be6e"
        },
        "files": [
            "bin/build-administration.sh",
            "bin/watch-administration.sh"
        ]
    },
    "shopware/core": {
        "version": "6.5",
        "recipe": {
            "repo": "github.com/shopware/recipes",
            "branch": "main",
            "version": "6.4",
            "ref": "329939fd3ed1842ae4e15aa5170a5c09d6fcb632"
        },
        "files": [
            "bin/.htaccess",
            "bin/build-js.sh",
            "bin/ci",
            "bin/console",
            "bin/functions.sh",
            "config/jwt/.gitignore",
            "config/packages/shopware.yaml",
            "custom/.htaccess",
            "custom/apps/.gitignore",
            "custom/plugins/.gitignore",
            "custom/static-plugins/.gitignore",
            "files/.htaccess",
            "public/.htaccess.dist",
            "public/index.php",
            "public/maintenance.html",
            "var/.htaccess",
            ".htaccess"
        ]
    },
    "shopware/docker": {
        "version": "0.1",
        "recipe": {
            "repo": "github.com/shopware/recipes",
            "branch": "main",
            "version": "0.1",
            "ref": "d6caa989310df86e39484b311c123effafb98561"
        },
        "files": [
            "docker/Dockerfile",
            "config/packages/docker.yaml",
            "config/packages/trusted_env.yaml"
        ]
    },
    "shopware/elasticsearch": {
        "version": "6.5",
        "recipe": {
            "repo": "github.com/shopware/recipes",
            "branch": "main",
            "version": "6.4",
            "ref": "f68a89cacedf3e2132444874e1e1e3c4864dae6d"
        },
        "files": [
            "config/packages/elasticsearch.yaml"
        ]
    },
    "shopware/storefront": {
        "version": "6.5",
        "recipe": {
            "repo": "github.com/shopware/recipes",
            "branch": "main",
            "version": "6.4",
            "ref": "3968795a89b87f1178bbcd11034aec07176af284"
        },
        "files": [
            "bin/build-storefront.sh",
            "bin/watch-storefront.sh"
        ]
    },
    "symfony/console": {
        "version": "6.4",
        "recipe": {
            "repo": "github.com/shopware/recipes",
            "branch": "main",
            "version": "5.4",
            "ref": "d7afb8d11ee0e18f644cc77c2df9b372e89cb3a9"
        }
    },
    "symfony/debug-bundle": {
        "version": "6.4",
        "recipe": {
            "repo": "github.com/shopware/recipes",
            "branch": "main",
            "version": "5.3",
            "ref": "b94f2fa443280f1befe3093f1c7135cbece45be2"
        }
    },
    "symfony/flex": {
        "version": "2.4",
        "recipe": {
            "repo": "github.com/symfony/recipes",
            "branch": "main",
            "version": "1.0",
            "ref": "146251ae39e06a95be0fe3d13c807bcf3938b172"
        },
        "files": [
            ".env"
        ]
    },
    "symfony/framework-bundle": {
        "version": "6.4",
        "recipe": {
            "repo": "github.com/shopware/recipes",
            "branch": "main",
            "version": "5.4",
            "ref": "bb1cc9e0b12d1b8c2ca2b1a8ae48c9917e338289"
        },
        "files": [
            "config/services.yaml"
        ]
    },
    "symfony/lock": {
        "version": "6.4",
        "recipe": {
            "repo": "github.com/symfony/recipes",
            "branch": "main",
            "version": "5.2",
            "ref": "8e937ff2b4735d110af1770f242c1107fdab4c8e"
        },
        "files": [
            "config/packages/lock.yaml"
        ]
    },
    "symfony/mailer": {
        "version": "6.4",
        "recipe": {
            "repo": "github.com/shopware/recipes",
            "branch": "main",
            "version": "4.3",
            "ref": "7c4b09065438b4fbe2baaf7838347090efffafac"
        }
    },
    "symfony/messenger": {
        "version": "6.4",
        "recipe": {
            "repo": "github.com/shopware/recipes",
            "branch": "main",
            "version": "6.0",
            "ref": "34c68db62fc2e3f66c944e7195fea5367c68823d"
        },
        "files": []
    },
    "symfony/monolog-bundle": {
        "version": "3.8",
        "recipe": {
            "repo": "github.com/shopware/recipes",
            "branch": "main",
            "version": "3.3",
            "ref": "5ccbcb35c970d021327d54358e748c6962a39ed8"
        },
        "files": []
    },
    "symfony/property-info": {
        "version": "7.3",
        "recipe": {
            "repo": "github.com/shopware/recipes",
            "branch": "main",
            "version": "7.3",
            "ref": "d7afb8d11ee0e18f644cc77c2df9b372e89cb3a9"
        }
    },
    "symfony/routing": {
        "version": "6.4",
        "recipe": {
            "repo": "github.com/shopware/recipes",
            "branch": "main",
            "version": "5.4",
            "ref": "d7afb8d11ee0e18f644cc77c2df9b372e89cb3a9"
        }
    },
    "symfony/scheduler": {
        "version": "7.3",
        "recipe": {
            "repo": "github.com/shopware/recipes",
            "branch": "main",
            "version": "7.2",
            "ref": "88069c76a8133d37a373b1299fb3ab927f252c45"
        },
        "files": []
    },
    "symfony/translation": {
        "version": "6.4",
        "recipe": {
            "repo": "github.com/shopware/recipes",
            "branch": "main",
            "version": "5.4",
            "ref": "d7afb8d11ee0e18f644cc77c2df9b372e89cb3a9"
        }
    },
    "symfony/twig-bundle": {
        "version": "6.3",
        "recipe": {
            "repo": "github.com/shopware/recipes",
            "branch": "main",
            "version": "5.4",
            "ref": "99277800a8f532fc369df7148804ed3d257c69c0"
        }
    },
    "symfony/validator": {
        "version": "6.4",
        "recipe": {
            "repo": "github.com/shopware/recipes",
            "branch": "main",
            "version": "5.3",
            "ref": "cdb029c79a301f7404e20b1f7031710959420019"
        }
    }
}
